
Microsoft Visual Studio Solution File, Format Version 10.00
# Visual Studio 2008
Project("{FAE04EC0-301F-11D3-BF4B-00C04F79EFBC}") = "Hermes", "Hermes\Hermes.csproj", "{A1F04461-7760-426A-9585-9F38413738DA}"
EndProject
Global
	GlobalSection(SolutionConfigurationPlatforms) = preSolution
		Debug|Any CPU = Debug|Any CPU
		Release|Any CPU = Release|Any CPU
	EndGlobalSection
	GlobalSection(ProjectConfigurationPlatforms) = postSolution
		{A1F04461-7760-426A-9585-9F38413738DA}.Debug|Any CPU.ActiveCfg = Debug|Any CPU
		{A1F04461-7760-426A-9585-9F38413738DA}.Debug|Any CPU.Build.0 = Debug|Any CPU
		{A1F04461-7760-426A-9585-9F38413738DA}.Release|Any CPU.ActiveCfg = Release|Any CPU
		{A1F04461-7760-426A-9585-9F38413738DA}.Release|Any CPU.Build.0 = Release|Any CPU
	EndGlobalSection
	GlobalSection(SolutionProperties) = preSolution
		HideSolutionNode = FALSE
	EndGlobalSection
EndGlobal
